
Microsoft Visual Studio Solution File, Format Version 12.00
# Visual Studio Version 16
VisualStudioVersion = 16.0.30011.22
MinimumVisualStudioVersion = 10.0.40219.1
Project("{2150E333-8FDC-42A3-9474-1A3956D46DE8}") = "_Builds", "_Builds", "{3BE7265E-6EF3-4676-B1E2-78F5C0B68B9D}"
EndProject
Project("{FAE04EC0-301F-11D3-BF4B-00C04F79EFBC}") = "CodeLinker2", "CodeLinker2\CodeLinker2.csproj", "{5FA7EDF7-D216-4DF7-B71C-900AB3871A4D}"
EndProject
Global
	GlobalSection(SolutionConfigurationPlatforms) = preSolution
		Debug|Any CPU = Debug|Any CPU
		Release|Any CPU = Release|Any CPU
	EndGlobalSection
	GlobalSection(ProjectConfigurationPlatforms) = postSolution
		{5FA7EDF7-D216-4DF7-B71C-900AB3871A4D}.Debug|Any CPU.ActiveCfg = Debug|Any CPU
		{5FA7EDF7-D216-4DF7-B71C-900AB3871A4D}.Debug|Any CPU.Build.0 = Debug|Any CPU
		{5FA7EDF7-D216-4DF7-B71C-900AB3871A4D}.Release|Any CPU.ActiveCfg = Release|Any CPU
		{5FA7EDF7-D216-4DF7-B71C-900AB3871A4D}.Release|Any CPU.Build.0 = Release|Any CPU
	EndGlobalSection
	GlobalSection(SolutionProperties) = preSolution
		HideSolutionNode = FALSE
	EndGlobalSection
	GlobalSection(ExtensibilityGlobals) = postSolution
		SolutionGuid = {DB9CB60A-3109-450B-A99D-C894CCBC4993}
	EndGlobalSection
EndGlobal
